
Microsoft Visual Studio Solution File, Format Version 12.00
# Visual Studio Version 16
VisualStudioVersion = 16.0.31911.196
MinimumVisualStudioVersion = 10.0.40219.1
Project("{FAE04EC0-301F-11D3-BF4B-00C04F79EFBC}") = "ElasticSearchWeb.Api", "ElasticSearchWeb.Api\ElasticSearchWeb.Api.csproj", "{9BB5608A-4A73-4EA2-8093-56ED25E1977A}"
EndProject
Global
	GlobalSection(SolutionConfigurationPlatforms) = preSolution
		Debug|Any CPU = Debug|Any CPU
		Release|Any CPU = Release|Any CPU
	EndGlobalSection
	GlobalSection(ProjectConfigurationPlatforms) = postSolution
		{9BB5608A-4A73-4EA2-8093-56ED25E1977A}.Debug|Any CPU.ActiveCfg = Debug|Any CPU
		{9BB5608A-4A73-4EA2-8093-56ED25E1977A}.Debug|Any CPU.Build.0 = Debug|Any CPU
		{9BB5608A-4A73-4EA2-8093-56ED25E1977A}.Release|Any CPU.ActiveCfg = Release|Any CPU
		{9BB5608A-4A73-4EA2-8093-56ED25E1977A}.Release|Any CPU.Build.0 = Release|Any CPU
	EndGlobalSection
	GlobalSection(SolutionProperties) = preSolution
		HideSolutionNode = FALSE
	EndGlobalSection
	GlobalSection(ExtensibilityGlobals) = postSolution
		SolutionGuid = {B95914F7-4661-4247-9D71-4E18EE1756B9}
	EndGlobalSection
EndGlobal
